
Microsoft Visual Studio Solution File, Format Version 12.00
# Visual Studio Version 16
VisualStudioVersion = 25.0.1700.0
MinimumVisualStudioVersion = 10.0.40219.1
Project("{FAE04EC0-301F-11D3-BF4B-00C04F79EFBC}") = "Homework5", "Homework5\Homework5.csproj", "{CE69F770-5BB8-441E-99FC-DF2D3F602746}"
EndProject
Global
	GlobalSection(SolutionConfigurationPlatforms) = preSolution
		Debug|Any CPU = Debug|Any CPU
		Release|Any CPU = Release|Any CPU
	EndGlobalSection
	GlobalSection(ProjectConfigurationPlatforms) = postSolution
		{CE69F770-5BB8-441E-99FC-DF2D3F602746}.Debug|Any CPU.ActiveCfg = Debug|Any CPU
		{CE69F770-5BB8-441E-99FC-DF2D3F602746}.Debug|Any CPU.Build.0 = Debug|Any CPU
		{CE69F770-5BB8-441E-99FC-DF2D3F602746}.Release|Any CPU.ActiveCfg = Release|Any CPU
		{CE69F770-5BB8-441E-99FC-DF2D3F602746}.Release|Any CPU.Build.0 = Release|Any CPU
	EndGlobalSection
	GlobalSection(SolutionProperties) = preSolution
		HideSolutionNode = FALSE
	EndGlobalSection
	GlobalSection(ExtensibilityGlobals) = postSolution
		SolutionGuid = {EC851F62-B8B6-40C6-B2D7-EF271FB926A5}
	EndGlobalSection
EndGlobal
