
Microsoft Visual Studio Solution File, Format Version 12.00
# Visual Studio Version 16
VisualStudioVersion = 25.0.1700.0
MinimumVisualStudioVersion = 10.0.40219.1
Project("{FAE04EC0-301F-11D3-BF4B-00C04F79EFBC}") = "Homework11", "Homework11\Homework11.csproj", "{85F87286-8816-4F04-A969-E9304E7A22A2}"
EndProject
Global
	GlobalSection(SolutionConfigurationPlatforms) = preSolution
		Debug|Any CPU = Debug|Any CPU
		Release|Any CPU = Release|Any CPU
	EndGlobalSection
	GlobalSection(ProjectConfigurationPlatforms) = postSolution
		{85F87286-8816-4F04-A969-E9304E7A22A2}.Debug|Any CPU.ActiveCfg = Debug|Any CPU
		{85F87286-8816-4F04-A969-E9304E7A22A2}.Debug|Any CPU.Build.0 = Debug|Any CPU
		{85F87286-8816-4F04-A969-E9304E7A22A2}.Release|Any CPU.ActiveCfg = Release|Any CPU
		{85F87286-8816-4F04-A969-E9304E7A22A2}.Release|Any CPU.Build.0 = Release|Any CPU
	EndGlobalSection
	GlobalSection(SolutionProperties) = preSolution
		HideSolutionNode = FALSE
	EndGlobalSection
	GlobalSection(ExtensibilityGlobals) = postSolution
		SolutionGuid = {CCBB135D-C6F0-4937-8485-EA7F66EEB082}
	EndGlobalSection
EndGlobal
