
Microsoft Visual Studio Solution File, Format Version 12.00
# Visual Studio Version 16
VisualStudioVersion = 25.0.1700.0
MinimumVisualStudioVersion = 10.0.40219.1
Project("{FAE04EC0-301F-11D3-BF4B-00C04F79EFBC}") = "Homework3", "Homework3\Homework3.csproj", "{7716344A-ACE3-49C9-BFA8-D9A3B8CAB5A5}"
EndProject
Global
	GlobalSection(SolutionConfigurationPlatforms) = preSolution
		Debug|Any CPU = Debug|Any CPU
		Release|Any CPU = Release|Any CPU
	EndGlobalSection
	GlobalSection(ProjectConfigurationPlatforms) = postSolution
		{7716344A-ACE3-49C9-BFA8-D9A3B8CAB5A5}.Debug|Any CPU.ActiveCfg = Debug|Any CPU
		{7716344A-ACE3-49C9-BFA8-D9A3B8CAB5A5}.Debug|Any CPU.Build.0 = Debug|Any CPU
		{7716344A-ACE3-49C9-BFA8-D9A3B8CAB5A5}.Release|Any CPU.ActiveCfg = Release|Any CPU
		{7716344A-ACE3-49C9-BFA8-D9A3B8CAB5A5}.Release|Any CPU.Build.0 = Release|Any CPU
	EndGlobalSection
	GlobalSection(SolutionProperties) = preSolution
		HideSolutionNode = FALSE
	EndGlobalSection
	GlobalSection(ExtensibilityGlobals) = postSolution
		SolutionGuid = {E22EB55C-02B9-4D9D-8DDB-3FB097670C47}
	EndGlobalSection
EndGlobal
