
Microsoft Visual Studio Solution File, Format Version 12.00
# Visual Studio Version 16
VisualStudioVersion = 25.0.1700.0
MinimumVisualStudioVersion = 10.0.40219.1
Project("{FAE04EC0-301F-11D3-BF4B-00C04F79EFBC}") = "Homework4", "Homework4\Homework4.csproj", "{07679DD0-90E1-4C04-8AB4-2C72CCAEF634}"
EndProject
Global
	GlobalSection(SolutionConfigurationPlatforms) = preSolution
		Debug|Any CPU = Debug|Any CPU
		Release|Any CPU = Release|Any CPU
	EndGlobalSection
	GlobalSection(ProjectConfigurationPlatforms) = postSolution
		{07679DD0-90E1-4C04-8AB4-2C72CCAEF634}.Debug|Any CPU.ActiveCfg = Debug|Any CPU
		{07679DD0-90E1-4C04-8AB4-2C72CCAEF634}.Debug|Any CPU.Build.0 = Debug|Any CPU
		{07679DD0-90E1-4C04-8AB4-2C72CCAEF634}.Release|Any CPU.ActiveCfg = Release|Any CPU
		{07679DD0-90E1-4C04-8AB4-2C72CCAEF634}.Release|Any CPU.Build.0 = Release|Any CPU
	EndGlobalSection
	GlobalSection(SolutionProperties) = preSolution
		HideSolutionNode = FALSE
	EndGlobalSection
	GlobalSection(ExtensibilityGlobals) = postSolution
		SolutionGuid = {BAFC9858-ED21-4185-A4E8-8BF58574F514}
	EndGlobalSection
EndGlobal
