
Microsoft Visual Studio Solution File, Format Version 12.00
# Visual Studio Version 16
VisualStudioVersion = 25.0.1700.0
MinimumVisualStudioVersion = 10.0.40219.1
Project("{FAE04EC0-301F-11D3-BF4B-00C04F79EFBC}") = "Homework10", "Homework10\Homework10.csproj", "{4B97E604-7491-438A-8D4A-49159F7EE2B2}"
EndProject
Global
	GlobalSection(SolutionConfigurationPlatforms) = preSolution
		Debug|Any CPU = Debug|Any CPU
		Release|Any CPU = Release|Any CPU
	EndGlobalSection
	GlobalSection(ProjectConfigurationPlatforms) = postSolution
		{4B97E604-7491-438A-8D4A-49159F7EE2B2}.Debug|Any CPU.ActiveCfg = Debug|Any CPU
		{4B97E604-7491-438A-8D4A-49159F7EE2B2}.Debug|Any CPU.Build.0 = Debug|Any CPU
		{4B97E604-7491-438A-8D4A-49159F7EE2B2}.Release|Any CPU.ActiveCfg = Release|Any CPU
		{4B97E604-7491-438A-8D4A-49159F7EE2B2}.Release|Any CPU.Build.0 = Release|Any CPU
	EndGlobalSection
	GlobalSection(SolutionProperties) = preSolution
		HideSolutionNode = FALSE
	EndGlobalSection
	GlobalSection(ExtensibilityGlobals) = postSolution
		SolutionGuid = {70B0F334-8A0C-47B1-95D3-716AA36F9ADB}
	EndGlobalSection
EndGlobal
